
Microsoft Visual Studio Solution File, Format Version 12.00
# Visual Studio 15
Project("{FAE04EC0-301F-11D3-BF4B-00C04F79EFBC}") = "MaterialComponentTest", "MaterialComponentTest\MaterialComponentTest.csproj", "{89E7B9A6-B67E-4ED6-859D-1B03D2BF5FD1}"
EndProject
Global
	GlobalSection(SolutionConfigurationPlatforms) = preSolution
		Debug|Any CPU = Debug|Any CPU
		Release|Any CPU = Release|Any CPU
	EndGlobalSection
	GlobalSection(ProjectConfigurationPlatforms) = postSolution
		{89E7B9A6-B67E-4ED6-859D-1B03D2BF5FD1}.Debug|Any CPU.ActiveCfg = Debug|Any CPU
		{89E7B9A6-B67E-4ED6-859D-1B03D2BF5FD1}.Debug|Any CPU.Build.0 = Debug|Any CPU
		{89E7B9A6-B67E-4ED6-859D-1B03D2BF5FD1}.Release|Any CPU.ActiveCfg = Release|Any CPU
		{89E7B9A6-B67E-4ED6-859D-1B03D2BF5FD1}.Release|Any CPU.Build.0 = Release|Any CPU
	EndGlobalSection
EndGlobal
